
Microsoft Visual Studio Solution File, Format Version 12.00
# Visual Studio Version 17
VisualStudioVersion = 17.8.34330.188
MinimumVisualStudioVersion = 10.0.40219.1
Project("{FAE04EC0-301F-11D3-BF4B-00C04F79EFBC}") = "Constants", "Constants\Constants.csproj", "{27AE48EA-79D4-40C0-8DDF-37A40DB64704}"
EndProject
Global
	GlobalSection(SolutionConfigurationPlatforms) = preSolution
		Debug|Any CPU = Debug|Any CPU
		Release|Any CPU = Release|Any CPU
	EndGlobalSection
	GlobalSection(ProjectConfigurationPlatforms) = postSolution
		{27AE48EA-79D4-40C0-8DDF-37A40DB64704}.Debug|Any CPU.ActiveCfg = Debug|Any CPU
		{27AE48EA-79D4-40C0-8DDF-37A40DB64704}.Debug|Any CPU.Build.0 = Debug|Any CPU
		{27AE48EA-79D4-40C0-8DDF-37A40DB64704}.Release|Any CPU.ActiveCfg = Release|Any CPU
		{27AE48EA-79D4-40C0-8DDF-37A40DB64704}.Release|Any CPU.Build.0 = Release|Any CPU
	EndGlobalSection
	GlobalSection(SolutionProperties) = preSolution
		HideSolutionNode = FALSE
	EndGlobalSection
	GlobalSection(ExtensibilityGlobals) = postSolution
		SolutionGuid = {2DDB70DC-D35F-45EA-ABA0-1C07C16A0BF2}
	EndGlobalSection
EndGlobal
