
Microsoft Visual Studio Solution File, Format Version 12.00
# Visual Studio Version 17
VisualStudioVersion = 17.8.34330.188
MinimumVisualStudioVersion = 10.0.40219.1
Project("{FAE04EC0-301F-11D3-BF4B-00C04F79EFBC}") = "UsingDatatypes", "UsingDatatypes\UsingDatatypes.csproj", "{B4A15E6F-2953-4F2A-A702-9FEA70F1BA4C}"
EndProject
Global
	GlobalSection(SolutionConfigurationPlatforms) = preSolution
		Debug|Any CPU = Debug|Any CPU
		Release|Any CPU = Release|Any CPU
	EndGlobalSection
	GlobalSection(ProjectConfigurationPlatforms) = postSolution
		{B4A15E6F-2953-4F2A-A702-9FEA70F1BA4C}.Debug|Any CPU.ActiveCfg = Debug|Any CPU
		{B4A15E6F-2953-4F2A-A702-9FEA70F1BA4C}.Debug|Any CPU.Build.0 = Debug|Any CPU
		{B4A15E6F-2953-4F2A-A702-9FEA70F1BA4C}.Release|Any CPU.ActiveCfg = Release|Any CPU
		{B4A15E6F-2953-4F2A-A702-9FEA70F1BA4C}.Release|Any CPU.Build.0 = Release|Any CPU
	EndGlobalSection
	GlobalSection(SolutionProperties) = preSolution
		HideSolutionNode = FALSE
	EndGlobalSection
	GlobalSection(ExtensibilityGlobals) = postSolution
		SolutionGuid = {4C68A6DE-C772-469B-9899-8BD5022DB661}
	EndGlobalSection
EndGlobal
