
Microsoft Visual Studio Solution File, Format Version 12.00
# Visual Studio Version 17
VisualStudioVersion = 17.8.34330.188
MinimumVisualStudioVersion = 10.0.40219.1
Project("{FAE04EC0-301F-11D3-BF4B-00C04F79EFBC}") = "LoopsAssignment", "LoopsAssignment\LoopsAssignment.csproj", "{1FEB3BA0-A25B-471F-8EE7-286F2FC80407}"
EndProject
Global
	GlobalSection(SolutionConfigurationPlatforms) = preSolution
		Debug|Any CPU = Debug|Any CPU
		Release|Any CPU = Release|Any CPU
	EndGlobalSection
	GlobalSection(ProjectConfigurationPlatforms) = postSolution
		{1FEB3BA0-A25B-471F-8EE7-286F2FC80407}.Debug|Any CPU.ActiveCfg = Debug|Any CPU
		{1FEB3BA0-A25B-471F-8EE7-286F2FC80407}.Debug|Any CPU.Build.0 = Debug|Any CPU
		{1FEB3BA0-A25B-471F-8EE7-286F2FC80407}.Release|Any CPU.ActiveCfg = Release|Any CPU
		{1FEB3BA0-A25B-471F-8EE7-286F2FC80407}.Release|Any CPU.Build.0 = Release|Any CPU
	EndGlobalSection
	GlobalSection(SolutionProperties) = preSolution
		HideSolutionNode = FALSE
	EndGlobalSection
	GlobalSection(ExtensibilityGlobals) = postSolution
		SolutionGuid = {F0EB9785-D726-4A00-A921-B7A24259D603}
	EndGlobalSection
EndGlobal
