
Microsoft Visual Studio Solution File, Format Version 12.00
# Visual Studio Version 17
VisualStudioVersion = 17.8.34330.188
MinimumVisualStudioVersion = 10.0.40219.1
Project("{FAE04EC0-301F-11D3-BF4B-00C04F79EFBC}") = "CreatingAnInterface", "CreatingAnInterface\CreatingAnInterface.csproj", "{48F2A1EB-1ED0-4C12-88B7-1D18423507EC}"
EndProject
Global
	GlobalSection(SolutionConfigurationPlatforms) = preSolution
		Debug|Any CPU = Debug|Any CPU
		Release|Any CPU = Release|Any CPU
	EndGlobalSection
	GlobalSection(ProjectConfigurationPlatforms) = postSolution
		{48F2A1EB-1ED0-4C12-88B7-1D18423507EC}.Debug|Any CPU.ActiveCfg = Debug|Any CPU
		{48F2A1EB-1ED0-4C12-88B7-1D18423507EC}.Debug|Any CPU.Build.0 = Debug|Any CPU
		{48F2A1EB-1ED0-4C12-88B7-1D18423507EC}.Release|Any CPU.ActiveCfg = Release|Any CPU
		{48F2A1EB-1ED0-4C12-88B7-1D18423507EC}.Release|Any CPU.Build.0 = Release|Any CPU
	EndGlobalSection
	GlobalSection(SolutionProperties) = preSolution
		HideSolutionNode = FALSE
	EndGlobalSection
	GlobalSection(ExtensibilityGlobals) = postSolution
		SolutionGuid = {9999BDD6-6D50-4AB5-90A3-FBD56759DA88}
	EndGlobalSection
EndGlobal
