
Microsoft Visual Studio Solution File, Format Version 12.00
# Visual Studio Version 17
VisualStudioVersion = 17.8.34330.188
MinimumVisualStudioVersion = 10.0.40219.1
Project("{FAE04EC0-301F-11D3-BF4B-00C04F79EFBC}") = "Conversion", "Conversion\Conversion.csproj", "{3DF6752D-2A8F-4248-8597-1C70DA2D37AF}"
EndProject
Global
	GlobalSection(SolutionConfigurationPlatforms) = preSolution
		Debug|Any CPU = Debug|Any CPU
		Release|Any CPU = Release|Any CPU
	EndGlobalSection
	GlobalSection(ProjectConfigurationPlatforms) = postSolution
		{3DF6752D-2A8F-4248-8597-1C70DA2D37AF}.Debug|Any CPU.ActiveCfg = Debug|Any CPU
		{3DF6752D-2A8F-4248-8597-1C70DA2D37AF}.Debug|Any CPU.Build.0 = Debug|Any CPU
		{3DF6752D-2A8F-4248-8597-1C70DA2D37AF}.Release|Any CPU.ActiveCfg = Release|Any CPU
		{3DF6752D-2A8F-4248-8597-1C70DA2D37AF}.Release|Any CPU.Build.0 = Release|Any CPU
	EndGlobalSection
	GlobalSection(SolutionProperties) = preSolution
		HideSolutionNode = FALSE
	EndGlobalSection
	GlobalSection(ExtensibilityGlobals) = postSolution
		SolutionGuid = {88E03E91-11FD-401E-B442-A0A5FACCF931}
	EndGlobalSection
EndGlobal
