
Microsoft Visual Studio Solution File, Format Version 12.00
# Visual Studio Version 17
VisualStudioVersion = 17.8.34511.84
MinimumVisualStudioVersion = 10.0.40219.1
Project("{FAE04EC0-301F-11D3-BF4B-00C04F79EFBC}") = "ParsingAssessment", "ParsingAssessment\ParsingAssessment.csproj", "{64630F98-4597-4AA7-A533-88B43BEDFEAC}"
EndProject
Global
	GlobalSection(SolutionConfigurationPlatforms) = preSolution
		Debug|Any CPU = Debug|Any CPU
		Release|Any CPU = Release|Any CPU
	EndGlobalSection
	GlobalSection(ProjectConfigurationPlatforms) = postSolution
		{64630F98-4597-4AA7-A533-88B43BEDFEAC}.Debug|Any CPU.ActiveCfg = Debug|Any CPU
		{64630F98-4597-4AA7-A533-88B43BEDFEAC}.Debug|Any CPU.Build.0 = Debug|Any CPU
		{64630F98-4597-4AA7-A533-88B43BEDFEAC}.Release|Any CPU.ActiveCfg = Release|Any CPU
		{64630F98-4597-4AA7-A533-88B43BEDFEAC}.Release|Any CPU.Build.0 = Release|Any CPU
	EndGlobalSection
	GlobalSection(SolutionProperties) = preSolution
		HideSolutionNode = FALSE
	EndGlobalSection
	GlobalSection(ExtensibilityGlobals) = postSolution
		SolutionGuid = {1C4D9D2A-25F3-4272-8166-973B0F1DDD9D}
	EndGlobalSection
EndGlobal
